PODS:
  - Kingfisher (6.3.0)
  - Realm (10.7.4):
    - Realm/Headers (= 10.7.4)
  - Realm/Headers (10.7.4)
  - RealmSwift (10.7.4):
    - Realm (= 10.7.4)

DEPENDENCIES:
  - Kingfisher (~> 6.3)
  - RealmSwift (~> 10.7)

SPEC REPOS:
  trunk:
    - Kingfisher
    - Realm
    - RealmSwift

SPEC CHECKSUMS:
  Kingfisher: 6c3df386db71d82c0817a429d2c9421a77396529
  Realm: f08ce1a85649a41303ecfe1cbd914c62e9e6d710
  RealmSwift: 60ec49d165f23d040ab48811d8dd177e09baf4d3

PODFILE CHECKSUM: 1d66450c512c0ef6b2d9616eb237d6dc338a0629

COCOAPODS: 1.10.1
