// !$*UTF8*$!
{
	archiveVersion = 1;
	classes = {
	};
	objectVersion = 50;
	objects = {

/* Begin PBXBuildFile section */
		964DAF5626026F330016897D /* LikeButton.swift in Sources */ = {isa = PBXBuildFile; fileRef = 964DAF5526026F330016897D /* LikeButton.swift */; };
		964DAF5C26039B8B0016897D /* ViewWithShadow.swift in Sources */ = {isa = PBXBuildFile; fileRef = 964DAF5B26039B8B0016897D /* ViewWithShadow.swift */; };
		96AFA2C025F4139300B35CE4 /* FriendsNavigationController.swift in Sources */ = {isa = PBXBuildFile; fileRef = 96AFA2BF25F4139300B35CE4 /* FriendsNavigationController.swift */; };
		96C53E9C25EA2BB500385EE9 /* AppDelegate.swift in Sources */ = {isa = PBXBuildFile; fileRef = 96C53E9B25EA2BB500385EE9 /* AppDelegate.swift */; };
		96C53E9E25EA2BB500385EE9 /* SceneDelegate.swift in Sources */ = {isa = PBXBuildFile; fileRef = 96C53E9D25EA2BB500385EE9 /* SceneDelegate.swift */; };
		96C53EA025EA2BB500385EE9 /* ViewController.swift in Sources */ = {isa = PBXBuildFile; fileRef = 96C53E9F25EA2BB500385EE9 /* ViewController.swift */; };
		96C53EA325EA2BB500385EE9 /* Main.storyboard in Resources */ = {isa = PBXBuildFile; fileRef = 96C53EA125EA2BB500385EE9 /* Main.storyboard */; };
		96C53EA525EA2BB600385EE9 /* Assets.xcassets in Resources */ = {isa = PBXBuildFile; fileRef = 96C53EA425EA2BB600385EE9 /* Assets.xcassets */; };
		96C53EA825EA2BB600385EE9 /* LaunchScreen.storyboard in Resources */ = {isa = PBXBuildFile; fileRef = 96C53EA625EA2BB600385EE9 /* LaunchScreen.storyboard */; };
		96C53EB325EA2BB600385EE9 /* HomeWorkAppTests.swift in Sources */ = {isa = PBXBuildFile; fileRef = 96C53EB225EA2BB600385EE9 /* HomeWorkAppTests.swift */; };
		96C53EBE25EA2BB600385EE9 /* HomeWorkAppUITests.swift in Sources */ = {isa = PBXBuildFile; fileRef = 96C53EBD25EA2BB600385EE9 /* HomeWorkAppUITests.swift */; };
		96C53ED225EEDB3F00385EE9 /* FriendsTableViewController.swift in Sources */ = {isa = PBXBuildFile; fileRef = 96C53ED125EEDB3F00385EE9 /* FriendsTableViewController.swift */; };
		96EAFAEC25FE998B003A4946 /* FriendsPhotoCollectionViewCell.swift in Sources */ = {isa = PBXBuildFile; fileRef = 96EAFAEB25FE998B003A4946 /* FriendsPhotoCollectionViewCell.swift */; };
		96F37B0B25F436F5008B7701 /* FriendsPhotoCollectionViewController.swift in Sources */ = {isa = PBXBuildFile; fileRef = 96F37B0A25F436F5008B7701 /* FriendsPhotoCollectionViewController.swift */; };
		96F37B1425F43A6A008B7701 /* File.swift in Sources */ = {isa = PBXBuildFile; fileRef = 96F37B1325F43A6A008B7701 /* File.swift */; };
		96F37B2725F520FC008B7701 /* AllCommunitiesTableViewController.swift in Sources */ = {isa = PBXBuildFile; fileRef = 96F37B2625F520FC008B7701 /* AllCommunitiesTableViewController.swift */; };
		96F37B3225F537B7008B7701 /* CommunitiesTableViewController.swift in Sources */ = {isa = PBXBuildFile; fileRef = 96F37B3125F537B7008B7701 /* CommunitiesTableViewController.swift */; };
		96F37B3725F66D16008B7701 /* ComunitiesTableViewCell.swift in Sources */ = {isa = PBXBuildFile; fileRef = 96F37B3625F66D16008B7701 /* ComunitiesTableViewCell.swift */; };
/* End PBXBuildFile section */

/* Begin PBXContainerItemProxy section */
		96C53EAF25EA2BB600385EE9 /* PBXContainerItemProxy */ = {
			isa = PBXContainerItemProxy;
			containerPortal = 96C53E9025EA2BB500385EE9 /* Project object */;
			proxyType = 1;
			remoteGlobalIDString = 96C53E9725EA2BB500385EE9;
			remoteInfo = HomeWorkApp;
		};
		96C53EBA25EA2BB600385EE9 /* PBXContainerItemProxy */ = {
			isa = PBXContainerItemProxy;
			containerPortal = 96C53E9025EA2BB500385EE9 /* Project object */;
			proxyType = 1;
			remoteGlobalIDString = 96C53E9725EA2BB500385EE9;
			remoteInfo = HomeWorkApp;
		};
/* End PBXContainerItemProxy section */

/* Begin PBXFileReference section */
		964DAF5526026F330016897D /* LikeButton.swift */ = {isa = PBXFileReference; lastKnownFileType = sourcecode.swift; path = LikeButton.swift; sourceTree = "<group>"; };
		964DAF5B26039B8B0016897D /* ViewWithShadow.swift */ = {isa = PBXFileReference; lastKnownFileType = sourcecode.swift; path = ViewWithShadow.swift; sourceTree = "<group>"; };
		96AFA2BF25F4139300B35CE4 /* FriendsNavigationController.swift */ = {isa = PBXFileReference; lastKnownFileType = sourcecode.swift; path = FriendsNavigationController.swift; sourceTree = "<group>"; };
		96C53E9825EA2BB500385EE9 /* HomeWorkApp.app */ = {isa = PBXFileReference; explicitFileType = wrapper.application; includeInIndex = 0; path = HomeWorkApp.app; sourceTree = BUILT_PRODUCTS_DIR; };
		96C53E9B25EA2BB500385EE9 /* AppDelegate.swift */ = {isa = PBXFileReference; lastKnownFileType = sourcecode.swift; path = AppDelegate.swift; sourceTree = "<group>"; };
		96C53E9D25EA2BB500385EE9 /* SceneDelegate.swift */ = {isa = PBXFileReference; lastKnownFileType = sourcecode.swift; path = SceneDelegate.swift; sourceTree = "<group>"; };
		96C53E9F25EA2BB500385EE9 /* ViewController.swift */ = {isa = PBXFileReference; lastKnownFileType = sourcecode.swift; path = ViewController.swift; sourceTree = "<group>"; };
		96C53EA225EA2BB500385EE9 /* Base */ = {isa = PBXFileReference; lastKnownFileType = file.storyboard; name = Base; path = Base.lproj/Main.storyboard; sourceTree = "<group>"; };
		96C53EA425EA2BB600385EE9 /* Assets.xcassets */ = {isa = PBXFileReference; lastKnownFileType = folder.assetcatalog; path = Assets.xcassets; sourceTree = "<group>"; };
		96C53EA725EA2BB600385EE9 /* Base */ = {isa = PBXFileReference; lastKnownFileType = file.storyboard; name = Base; path = Base.lproj/LaunchScreen.storyboard; sourceTree = "<group>"; };
		96C53EA925EA2BB600385EE9 /* Info.plist */ = {isa = PBXFileReference; lastKnownFileType = text.plist.xml; path = Info.plist; sourceTree = "<group>"; };
		96C53EAE25EA2BB600385EE9 /* HomeWorkAppTests.xctest */ = {isa = PBXFileReference; explicitFileType = wrapper.cfbundle; includeInIndex = 0; path = HomeWorkAppTests.xctest; sourceTree = BUILT_PRODUCTS_DIR; };
		96C53EB225EA2BB600385EE9 /* HomeWorkAppTests.swift */ = {isa = PBXFileReference; lastKnownFileType = sourcecode.swift; path = HomeWorkAppTests.swift; sourceTree = "<group>"; };
		96C53EB425EA2BB600385EE9 /* Info.plist */ = {isa = PBXFileReference; lastKnownFileType = text.plist.xml; path = Info.plist; sourceTree = "<group>"; };
		96C53EB925EA2BB600385EE9 /* HomeWorkAppUITests.xctest */ = {isa = PBXFileReference; explicitFileType = wrapper.cfbundle; includeInIndex = 0; path = HomeWorkAppUITests.xctest; sourceTree = BUILT_PRODUCTS_DIR; };
		96C53EBD25EA2BB600385EE9 /* HomeWorkAppUITests.swift */ = {isa = PBXFileReference; lastKnownFileType = sourcecode.swift; path = HomeWorkAppUITests.swift; sourceTree = "<group>"; };
		96C53EBF25EA2BB600385EE9 /* Info.plist */ = {isa = PBXFileReference; lastKnownFileType = text.plist.xml; path = Info.plist; sourceTree = "<group>"; };
		96C53ED125EEDB3F00385EE9 /* FriendsTableViewController.swift */ = {isa = PBXFileReference; lastKnownFileType = sourcecode.swift; path = FriendsTableViewController.swift; sourceTree = "<group>"; };
		96EAFAEB25FE998B003A4946 /* FriendsPhotoCollectionViewCell.swift */ = {isa = PBXFileReference; lastKnownFileType = sourcecode.swift; path = FriendsPhotoCollectionViewCell.swift; sourceTree = "<group>"; };
		96F37B0A25F436F5008B7701 /* FriendsPhotoCollectionViewController.swift */ = {isa = PBXFileReference; lastKnownFileType = sourcecode.swift; path = FriendsPhotoCollectionViewController.swift; sourceTree = "<group>"; };
		96F37B1325F43A6A008B7701 /* File.swift */ = {isa = PBXFileReference; lastKnownFileType = sourcecode.swift; path = File.swift; sourceTree = "<group>"; };
		96F37B2625F520FC008B7701 /* AllCommunitiesTableViewController.swift */ = {isa = PBXFileReference; lastKnownFileType = sourcecode.swift; path = AllCommunitiesTableViewController.swift; sourceTree = "<group>"; };
		96F37B3125F537B7008B7701 /* CommunitiesTableViewController.swift */ = {isa = PBXFileReference; lastKnownFileType = sourcecode.swift; path = CommunitiesTableViewController.swift; sourceTree = "<group>"; };
		96F37B3625F66D16008B7701 /* ComunitiesTableViewCell.swift */ = {isa = PBXFileReference; lastKnownFileType = sourcecode.swift; path = ComunitiesTableViewCell.swift; sourceTree = "<group>"; };
/* End PBXFileReference section */

/* Begin PBXFrameworksBuildPhase section */
		96C53E9525EA2BB500385EE9 /* Frameworks */ = {
			isa = PBXFrameworksBuildPhase;
			buildActionMask = 2147483647;
			files = (
			);
			runOnlyForDeploymentPostprocessing = 0;
		};
		96C53EAB25EA2BB600385EE9 /* Frameworks */ = {
			isa = PBXFrameworksBuildPhase;
			buildActionMask = 2147483647;
			files = (
			);
			runOnlyForDeploymentPostprocessing = 0;
		};
		96C53EB625EA2BB600385EE9 /* Frameworks */ = {
			isa = PBXFrameworksBuildPhase;
			buildActionMask = 2147483647;
			files = (
			);
			runOnlyForDeploymentPostprocessing = 0;
		};
/* End PBXFrameworksBuildPhase section */

/* Begin PBXGroup section */
		96C53E8F25EA2BB500385EE9 = {
			isa = PBXGroup;
			children = (
				96C53E9A25EA2BB500385EE9 /* HomeWorkApp */,
				96C53EB125EA2BB600385EE9 /* HomeWorkAppTests */,
				96C53EBC25EA2BB600385EE9 /* HomeWorkAppUITests */,
				96C53E9925EA2BB500385EE9 /* Products */,
			);
			sourceTree = "<group>";
		};
		96C53E9925EA2BB500385EE9 /* Products */ = {
			isa = PBXGroup;
			children = (
				96C53E9825EA2BB500385EE9 /* HomeWorkApp.app */,
				96C53EAE25EA2BB600385EE9 /* HomeWorkAppTests.xctest */,
				96C53EB925EA2BB600385EE9 /* HomeWorkAppUITests.xctest */,
			);
			name = Products;
			sourceTree = "<group>";
		};
		96C53E9A25EA2BB500385EE9 /* HomeWorkApp */ = {
			isa = PBXGroup;
			children = (
				96C53E9B25EA2BB500385EE9 /* AppDelegate.swift */,
				96C53E9D25EA2BB500385EE9 /* SceneDelegate.swift */,
				96C53EA125EA2BB500385EE9 /* Main.storyboard */,
				96C53E9F25EA2BB500385EE9 /* ViewController.swift */,
				96AFA2BF25F4139300B35CE4 /* FriendsNavigationController.swift */,
				964DAF5B26039B8B0016897D /* ViewWithShadow.swift */,
				96C53ED125EEDB3F00385EE9 /* FriendsTableViewController.swift */,
				96F37B0A25F436F5008B7701 /* FriendsPhotoCollectionViewController.swift */,
				96EAFAEB25FE998B003A4946 /* FriendsPhotoCollectionViewCell.swift */,
				96F37B2625F520FC008B7701 /* AllCommunitiesTableViewController.swift */,
				96F37B3125F537B7008B7701 /* CommunitiesTableViewController.swift */,
				964DAF5526026F330016897D /* LikeButton.swift */,
				96F37B3625F66D16008B7701 /* ComunitiesTableViewCell.swift */,
				96F37B1225F43A52008B7701 /* Model */,
				96C53EA425EA2BB600385EE9 /* Assets.xcassets */,
				96C53EA625EA2BB600385EE9 /* LaunchScreen.storyboard */,
				96C53EA925EA2BB600385EE9 /* Info.plist */,
			);
			path = HomeWorkApp;
			sourceTree = "<group>";
		};
		96C53EB125EA2BB600385EE9 /* HomeWorkAppTests */ = {
			isa = PBXGroup;
			children = (
				96C53EB225EA2BB600385EE9 /* HomeWorkAppTests.swift */,
				96C53EB425EA2BB600385EE9 /* Info.plist */,
			);
			path = HomeWorkAppTests;
			sourceTree = "<group>";
		};
		96C53EBC25EA2BB600385EE9 /* HomeWorkAppUITests */ = {
			isa = PBXGroup;
			children = (
				96C53EBD25EA2BB600385EE9 /* HomeWorkAppUITests.swift */,
				96C53EBF25EA2BB600385EE9 /* Info.plist */,
			);
			path = HomeWorkAppUITests;
			sourceTree = "<group>";
		};
		96F37B1225F43A52008B7701 /* Model */ = {
			isa = PBXGroup;
			children = (
				96F37B1325F43A6A008B7701 /* File.swift */,
			);
			path = Model;
			sourceTree = "<group>";
		};
/* End PBXGroup section */

/* Begin PBXNativeTarget section */
		96C53E9725EA2BB500385EE9 /* HomeWorkApp */ = {
			isa = PBXNativeTarget;
			buildConfigurationList = 96C53EC225EA2BB600385EE9 /* Build configuration list for PBXNativeTarget "HomeWorkApp" */;
			buildPhases = (
				96C53E9425EA2BB500385EE9 /* Sources */,
				96C53E9525EA2BB500385EE9 /* Frameworks */,
				96C53E9625EA2BB500385EE9 /* Resources */,
			);
			buildRules = (
			);
			dependencies = (
			);
			name = HomeWorkApp;
			productName = HomeWorkApp;
			productReference = 96C53E9825EA2BB500385EE9 /* HomeWorkApp.app */;
			productType = "com.apple.product-type.application";
		};
		96C53EAD25EA2BB600385EE9 /* HomeWorkAppTests */ = {
			isa = PBXNativeTarget;
			buildConfigurationList = 96C53EC525EA2BB600385EE9 /* Build configuration list for PBXNativeTarget "HomeWorkAppTests" */;
			buildPhases = (
				96C53EAA25EA2BB600385EE9 /* Sources */,
				96C53EAB25EA2BB600385EE9 /* Frameworks */,
				96C53EAC25EA2BB600385EE9 /* Resources */,
			);
			buildRules = (
			);
			dependencies = (
				96C53EB025EA2BB600385EE9 /* PBXTargetDependency */,
			);
			name = HomeWorkAppTests;
			productName = HomeWorkAppTests;
			productReference = 96C53EAE25EA2BB600385EE9 /* HomeWorkAppTests.xctest */;
			productType = "com.apple.product-type.bundle.unit-test";
		};
		96C53EB825EA2BB600385EE9 /* HomeWorkAppUITests */ = {
			isa = PBXNativeTarget;
			buildConfigurationList = 96C53EC825EA2BB600385EE9 /* Build configuration list for PBXNativeTarget "HomeWorkAppUITests" */;
			buildPhases = (
				96C53EB525EA2BB600385EE9 /* Sources */,
				96C53EB625EA2BB600385EE9 /* Frameworks */,
				96C53EB725EA2BB600385EE9 /* Resources */,
			);
			buildRules = (
			);
			dependencies = (
				96C53EBB25EA2BB600385EE9 /* PBXTargetDependency */,
			);
			name = HomeWorkAppUITests;
			productName = HomeWorkAppUITests;
			productReference = 96C53EB925EA2BB600385EE9 /* HomeWorkAppUITests.xctest */;
			productType = "com.apple.product-type.bundle.ui-testing";
		};
/* End PBXNativeTarget section */

/* Begin PBXProject section */
		96C53E9025EA2BB500385EE9 /* Project object */ = {
			isa = PBXProject;
			attributes = {
				LastSwiftUpdateCheck = 1230;
				LastUpgradeCheck = 1230;
				TargetAttributes = {
					96C53E9725EA2BB500385EE9 = {
						CreatedOnToolsVersion = 12.3;
					};
					96C53EAD25EA2BB600385EE9 = {
						CreatedOnToolsVersion = 12.3;
						TestTargetID = 96C53E9725EA2BB500385EE9;
					};
					96C53EB825EA2BB600385EE9 = {
						CreatedOnToolsVersion = 12.3;
						TestTargetID = 96C53E9725EA2BB500385EE9;
					};
				};
			};
			buildConfigurationList = 96C53E9325EA2BB500385EE9 /* Build configuration list for PBXProject "HomeWorkApp" */;
			compatibilityVersion = "Xcode 9.3";
			developmentRegion = en;
			hasScannedForEncodings = 0;
			knownRegions = (
				en,
				Base,
			);
			mainGroup = 96C53E8F25EA2BB500385EE9;
			productRefGroup = 96C53E9925EA2BB500385EE9 /* Products */;
			projectDirPath = "";
			projectRoot = "";
			targets = (
				96C53E9725EA2BB500385EE9 /* HomeWorkApp */,
				96C53EAD25EA2BB600385EE9 /* HomeWorkAppTests */,
				96C53EB825EA2BB600385EE9 /* HomeWorkAppUITests */,
			);
		};
/* End PBXProject section */

/* Begin PBXResourcesBuildPhase section */
		96C53E9625EA2BB500385EE9 /* Resources */ = {
			isa = PBXResourcesBuildPhase;
			buildActionMask = 2147483647;
			files = (
				96C53EA825EA2BB600385EE9 /* LaunchScreen.storyboard in Resources */,
				96C53EA525EA2BB600385EE9 /* Assets.xcassets in Resources */,
				96C53EA325EA2BB500385EE9 /* Main.storyboard in Resources */,
			);
			runOnlyForDeploymentPostprocessing = 0;
		};
		96C53EAC25EA2BB600385EE9 /* Resources */ = {
			isa = PBXResourcesBuildPhase;
			buildActionMask = 2147483647;
			files = (
			);
			runOnlyForDeploymentPostprocessing = 0;
		};
		96C53EB725EA2BB600385EE9 /* Resources */ = {
			isa = PBXResourcesBuildPhase;
			buildActionMask = 2147483647;
			files = (
			);
			runOnlyForDeploymentPostprocessing = 0;
		};
/* End PBXResourcesBuildPhase section */

/* Begin PBXSourcesBuildPhase section */
		96C53E9425EA2BB500385EE9 /* Sources */ = {
			isa = PBXSourcesBuildPhase;
			buildActionMask = 2147483647;
			files = (
				96C53EA025EA2BB500385EE9 /* ViewController.swift in Sources */,
				96C53E9C25EA2BB500385EE9 /* AppDelegate.swift in Sources */,
				96F37B1425F43A6A008B7701 /* File.swift in Sources */,
				96F37B2725F520FC008B7701 /* AllCommunitiesTableViewController.swift in Sources */,
				964DAF5C26039B8B0016897D /* ViewWithShadow.swift in Sources */,
				964DAF5626026F330016897D /* LikeButton.swift in Sources */,
				96C53ED225EEDB3F00385EE9 /* FriendsTableViewController.swift in Sources */,
				96F37B3725F66D16008B7701 /* ComunitiesTableViewCell.swift in Sources */,
				96EAFAEC25FE998B003A4946 /* FriendsPhotoCollectionViewCell.swift in Sources */,
				96F37B3225F537B7008B7701 /* CommunitiesTableViewController.swift in Sources */,
				96F37B0B25F436F5008B7701 /* FriendsPhotoCollectionViewController.swift in Sources */,
				96AFA2C025F4139300B35CE4 /* FriendsNavigationController.swift in Sources */,
				96C53E9E25EA2BB500385EE9 /* SceneDelegate.swift in Sources */,
			);
			runOnlyForDeploymentPostprocessing = 0;
		};
		96C53EAA25EA2BB600385EE9 /* Sources */ = {
			isa = PBXSourcesBuildPhase;
			buildActionMask = 2147483647;
			files = (
				96C53EB325EA2BB600385EE9 /* HomeWorkAppTests.swift in Sources */,
			);
			runOnlyForDeploymentPostprocessing = 0;
		};
		96C53EB525EA2BB600385EE9 /* Sources */ = {
			isa = PBXSourcesBuildPhase;
			buildActionMask = 2147483647;
			files = (
				96C53EBE25EA2BB600385EE9 /* HomeWorkAppUITests.swift in Sources */,
			);
			runOnlyForDeploymentPostprocessing = 0;
		};
/* End PBXSourcesBuildPhase section */

/* Begin PBXTargetDependency section */
		96C53EB025EA2BB600385EE9 /* PBXTargetDependency */ = {
			isa = PBXTargetDependency;
			target = 96C53E9725EA2BB500385EE9 /* HomeWorkApp */;
			targetProxy = 96C53EAF25EA2BB600385EE9 /* PBXContainerItemProxy */;
		};
		96C53EBB25EA2BB600385EE9 /* PBXTargetDependency */ = {
			isa = PBXTargetDependency;
			target = 96C53E9725EA2BB500385EE9 /* HomeWorkApp */;
			targetProxy = 96C53EBA25EA2BB600385EE9 /* PBXContainerItemProxy */;
		};
/* End PBXTargetDependency section */

/* Begin PBXVariantGroup section */
		96C53EA125EA2BB500385EE9 /* Main.storyboard */ = {
			isa = PBXVariantGroup;
			children = (
				96C53EA225EA2BB500385EE9 /* Base */,
			);
			name = Main.storyboard;
			sourceTree = "<group>";
		};
		96C53EA625EA2BB600385EE9 /* LaunchScreen.storyboard */ = {
			isa = PBXVariantGroup;
			children = (
				96C53EA725EA2BB600385EE9 /* Base */,
			);
			name = LaunchScreen.storyboard;
			sourceTree = "<group>";
		};
/* End PBXVariantGroup section */

/* Begin XCBuildConfiguration section */
		96C53EC025EA2BB600385EE9 /* Debug */ = {
			isa = XCBuildConfiguration;
			buildSettings = {
				ALWAYS_SEARCH_USER_PATHS = NO;
				CLANG_ANALYZER_NONNULL = YES;
				CLANG_ANALYZER_NUMBER_OBJECT_CONVERSION = YES_AGGRESSIVE;
				CLANG_CXX_LANGUAGE_STANDARD = "gnu++14";
				CLANG_CXX_LIBRARY = "libc++";
				CLANG_ENABLE_MODULES = YES;
				CLANG_ENABLE_OBJC_ARC = YES;
				CLANG_ENABLE_OBJC_WEAK = YES;
				CLANG_WARN_BLOCK_CAPTURE_AUTORELEASING = YES;
				CLANG_WARN_BOOL_CONVERSION = YES;
				CLANG_WARN_COMMA = YES;
				CLANG_WARN_CONSTANT_CONVERSION = YES;
				CLANG_WARN_DEPRECATED_OBJC_IMPLEMENTATIONS = YES;
				CLANG_WARN_DIRECT_OBJC_ISA_USAGE = YES_ERROR;
				CLANG_WARN_DOCUMENTATION_COMMENTS = YES;
				CLANG_WARN_EMPTY_BODY = YES;
				CLANG_WARN_ENUM_CONVERSION = YES;
				CLANG_WARN_INFINITE_RECURSION = YES;
				CLANG_WARN_INT_CONVERSION = YES;
				CLANG_WARN_NON_LITERAL_NULL_CONVERSION = YES;
				CLANG_WARN_OBJC_IMPLICIT_RETAIN_SELF = YES;
				CLANG_WARN_OBJC_LITERAL_CONVERSION = YES;
				CLANG_WARN_OBJC_ROOT_CLASS = YES_ERROR;
				CLANG_WARN_QUOTED_INCLUDE_IN_FRAMEWORK_HEADER = YES;
				CLANG_WARN_RANGE_LOOP_ANALYSIS = YES;
				CLANG_WARN_STRICT_PROTOTYPES = YES;
				CLANG_WARN_SUSPICIOUS_MOVE = YES;
				CLANG_WARN_UNGUARDED_AVAILABILITY = YES_AGGRESSIVE;
				CLANG_WARN_UNREACHABLE_CODE = YES;
				CLANG_WARN__DUPLICATE_METHOD_MATCH = YES;
				COPY_PHASE_STRIP = NO;
				DEBUG_INFORMATION_FORMAT = dwarf;
				ENABLE_STRICT_OBJC_MSGSEND = YES;
				ENABLE_TESTABILITY = YES;
				GCC_C_LANGUAGE_STANDARD = gnu11;
				GCC_DYNAMIC_NO_PIC = NO;
				GCC_NO_COMMON_BLOCKS = YES;
				GCC_OPTIMIZATION_LEVEL = 0;
				GCC_PREPROCESSOR_DEFINITIONS = (
					"DEBUG=1",
					"$(inherited)",
				);
				GCC_WARN_64_TO_32_BIT_CONVERSION = YES;
				GCC_WARN_ABOUT_RETURN_TYPE = YES_ERROR;
				GCC_WARN_UNDECLARED_SELECTOR = YES;
				GCC_WARN_UNINITIALIZED_AUTOS = YES_AGGRESSIVE;
				GCC_WARN_UNUSED_FUNCTION = YES;
				GCC_WARN_UNUSED_VARIABLE = YES;
				IPHONEOS_DEPLOYMENT_TARGET = 14.3;
				MTL_ENABLE_DEBUG_INFO = INCLUDE_SOURCE;
				MTL_FAST_MATH = YES;
				ONLY_ACTIVE_ARCH = YES;
				SDKROOT = iphoneos;
				SWIFT_ACTIVE_COMPILATION_CONDITIONS = DEBUG;
				SWIFT_OPTIMIZATION_LEVEL = "-Onone";
			};
			name = Debug;
		};
		96C53EC125EA2BB600385EE9 /* Release */ = {
			isa = XCBuildConfiguration;
			buildSettings = {
				ALWAYS_SEARCH_USER_PATHS = NO;
				CLANG_ANALYZER_NONNULL = YES;
				CLANG_ANALYZER_NUMBER_OBJECT_CONVERSION = YES_AGGRESSIVE;
				CLANG_CXX_LANGUAGE_STANDARD = "gnu++14";
				CLANG_CXX_LIBRARY = "libc++";
				CLANG_ENABLE_MODULES = YES;
				CLANG_ENABLE_OBJC_ARC = YES;
				CLANG_ENABLE_OBJC_WEAK = YES;
				CLANG_WARN_BLOCK_CAPTURE_AUTORELEASING = YES;
				CLANG_WARN_BOOL_CONVERSION = YES;
				CLANG_WARN_COMMA = YES;
				CLANG_WARN_CONSTANT_CONVERSION = YES;
				CLANG_WARN_DEPRECATED_OBJC_IMPLEMENTATIONS = YES;
				CLANG_WARN_DIRECT_OBJC_ISA_USAGE = YES_ERROR;
				CLANG_WARN_DOCUMENTATION_COMMENTS = YES;
				CLANG_WARN_EMPTY_BODY = YES;
				CLANG_WARN_ENUM_CONVERSION = YES;
				CLANG_WARN_INFINITE_RECURSION = YES;
				CLANG_WARN_INT_CONVERSION = YES;
				CLANG_WARN_NON_LITERAL_NULL_CONVERSION = YES;
				CLANG_WARN_OBJC_IMPLICIT_RETAIN_SELF = YES;
				CLANG_WARN_OBJC_LITERAL_CONVERSION = YES;
				CLANG_WARN_OBJC_ROOT_CLASS = YES_ERROR;
				CLANG_WARN_QUOTED_INCLUDE_IN_FRAMEWORK_HEADER = YES;
				CLANG_WARN_RANGE_LOOP_ANALYSIS = YES;
				CLANG_WARN_STRICT_PROTOTYPES = YES;
				CLANG_WARN_SUSPICIOUS_MOVE = YES;
				CLANG_WARN_UNGUARDED_AVAILABILITY = YES_AGGRESSIVE;
				CLANG_WARN_UNREACHABLE_CODE = YES;
				CLANG_WARN__DUPLICATE_METHOD_MATCH = YES;
				COPY_PHASE_STRIP = NO;
				DEBUG_INFORMATION_FORMAT = "dwarf-with-dsym";
				ENABLE_NS_ASSERTIONS = NO;
				ENABLE_STRICT_OBJC_MSGSEND = YES;
				GCC_C_LANGUAGE_STANDARD = gnu11;
				GCC_NO_COMMON_BLOCKS = YES;
				GCC_WARN_64_TO_32_BIT_CONVERSION = YES;
				GCC_WARN_ABOUT_RETURN_TYPE = YES_ERROR;
				GCC_WARN_UNDECLARED_SELECTOR = YES;
				GCC_WARN_UNINITIALIZED_AUTOS = YES_AGGRESSIVE;
				GCC_WARN_UNUSED_FUNCTION = YES;
				GCC_WARN_UNUSED_VARIABLE = YES;
				IPHONEOS_DEPLOYMENT_TARGET = 14.3;
				MTL_ENABLE_DEBUG_INFO = NO;
				MTL_FAST_MATH = YES;
				SDKROOT = iphoneos;
				SWIFT_COMPILATION_MODE = wholemodule;
				SWIFT_OPTIMIZATION_LEVEL = "-O";
				VALIDATE_PRODUCT = YES;
			};
			name = Release;
		};
		96C53EC325EA2BB600385EE9 /* Debug */ = {
			isa = XCBuildConfiguration;
			buildSettings = {
				ASSETCATALOG_COMPILER_APPICON_NAME = AppIcon;
				ASSETCATALOG_COMPILER_GLOBAL_ACCENT_COLOR_NAME = AccentColor;
				CODE_SIGN_STYLE = Automatic;
				INFOPLIST_FILE = HomeWorkApp/Info.plist;
				LD_RUNPATH_SEARCH_PATHS = (
					"$(inherited)",
					"@executable_path/Frameworks",
				);
				PRODUCT_BUNDLE_IDENTIFIER = ru.geekbrains.HomeWorkApp;
				PRODUCT_NAME = "$(TARGET_NAME)";
				SWIFT_VERSION = 5.0;
				TARGETED_DEVICE_FAMILY = "1,2";
			};
			name = Debug;
		};
		96C53EC425EA2BB600385EE9 /* Release */ = {
			isa = XCBuildConfiguration;
			buildSettings = {
				ASSETCATALOG_COMPILER_APPICON_NAME = AppIcon;
				ASSETCATALOG_COMPILER_GLOBAL_ACCENT_COLOR_NAME = AccentColor;
				CODE_SIGN_STYLE = Automatic;
				INFOPLIST_FILE = HomeWorkApp/Info.plist;
				LD_RUNPATH_SEARCH_PATHS = (
					"$(inherited)",
					"@executable_path/Frameworks",
				);
				PRODUCT_BUNDLE_IDENTIFIER = ru.geekbrains.HomeWorkApp;
				PRODUCT_NAME = "$(TARGET_NAME)";
				SWIFT_VERSION = 5.0;
				TARGETED_DEVICE_FAMILY = "1,2";
			};
			name = Release;
		};
		96C53EC625EA2BB600385EE9 /* Debug */ = {
			isa = XCBuildConfiguration;
			buildSettings = {
				ALWAYS_EMBED_SWIFT_STANDARD_LIBRARIES = YES;
				BUNDLE_LOADER = "$(TEST_HOST)";
				CODE_SIGN_STYLE = Automatic;
				INFOPLIST_FILE = HomeWorkAppTests/Info.plist;
				IPHONEOS_DEPLOYMENT_TARGET = 14.3;
				LD_RUNPATH_SEARCH_PATHS = (
					"$(inherited)",
					"@executable_path/Frameworks",
					"@loader_path/Frameworks",
				);
				PRODUCT_BUNDLE_IDENTIFIER = ru.geekbrains.HomeWorkAppTests;
				PRODUCT_NAME = "$(TARGET_NAME)";
				SWIFT_VERSION = 5.0;
				TARGETED_DEVICE_FAMILY = "1,2";
				TEST_HOST = "$(BUILT_PRODUCTS_DIR)/HomeWorkApp.app/HomeWorkApp";
			};
			name = Debug;
		};
		96C53EC725EA2BB600385EE9 /* Release */ = {
			isa = XCBuildConfiguration;
			buildSettings = {
				ALWAYS_EMBED_SWIFT_STANDARD_LIBRARIES = YES;
				BUNDLE_LOADER = "$(TEST_HOST)";
				CODE_SIGN_STYLE = Automatic;
				INFOPLIST_FILE = HomeWorkAppTests/Info.plist;
				IPHONEOS_DEPLOYMENT_TARGET = 14.3;
				LD_RUNPATH_SEARCH_PATHS = (
					"$(inherited)",
					"@executable_path/Frameworks",
					"@loader_path/Frameworks",
				);
				PRODUCT_BUNDLE_IDENTIFIER = ru.geekbrains.HomeWorkAppTests;
				PRODUCT_NAME = "$(TARGET_NAME)";
				SWIFT_VERSION = 5.0;
				TARGETED_DEVICE_FAMILY = "1,2";
				TEST_HOST = "$(BUILT_PRODUCTS_DIR)/HomeWorkApp.app/HomeWorkApp";
			};
			name = Release;
		};
		96C53EC925EA2BB600385EE9 /* Debug */ = {
			isa = XCBuildConfiguration;
			buildSettings = {
				ALWAYS_EMBED_SWIFT_STANDARD_LIBRARIES = YES;
				CODE_SIGN_STYLE = Automatic;
				INFOPLIST_FILE = HomeWorkAppUITests/Info.plist;
				LD_RUNPATH_SEARCH_PATHS = (
					"$(inherited)",
					"@executable_path/Frameworks",
					"@loader_path/Frameworks",
				);
				PRODUCT_BUNDLE_IDENTIFIER = ru.geekbrains.HomeWorkAppUITests;
				PRODUCT_NAME = "$(TARGET_NAME)";
				SWIFT_VERSION = 5.0;
				TARGETED_DEVICE_FAMILY = "1,2";
				TEST_TARGET_NAME = HomeWorkApp;
			};
			name = Debug;
		};
		96C53ECA25EA2BB600385EE9 /* Release */ = {
			isa = XCBuildConfiguration;
			buildSettings = {
				ALWAYS_EMBED_SWIFT_STANDARD_LIBRARIES = YES;
				CODE_SIGN_STYLE = Automatic;
				INFOPLIST_FILE = HomeWorkAppUITests/Info.plist;
				LD_RUNPATH_SEARCH_PATHS = (
					"$(inherited)",
					"@executable_path/Frameworks",
					"@loader_path/Frameworks",
				);
				PRODUCT_BUNDLE_IDENTIFIER = ru.geekbrains.HomeWorkAppUITests;
				PRODUCT_NAME = "$(TARGET_NAME)";
				SWIFT_VERSION = 5.0;
				TARGETED_DEVICE_FAMILY = "1,2";
				TEST_TARGET_NAME = HomeWorkApp;
			};
			name = Release;
		};
/* End XCBuildConfiguration section */

/* Begin XCConfigurationList section */
		96C53E9325EA2BB500385EE9 /* Build configuration list for PBXProject "HomeWorkApp" */ = {
			isa = XCConfigurationList;
			buildConfigurations = (
				96C53EC025EA2BB600385EE9 /* Debug */,
				96C53EC125EA2BB600385EE9 /* Release */,
			);
			defaultConfigurationIsVisible = 0;
			defaultConfigurationName = Release;
		};
		96C53EC225EA2BB600385EE9 /* Build configuration list for PBXNativeTarget "HomeWorkApp" */ = {
			isa = XCConfigurationList;
			buildConfigurations = (
				96C53EC325EA2BB600385EE9 /* Debug */,
				96C53EC425EA2BB600385EE9 /* Release */,
			);
			defaultConfigurationIsVisible = 0;
			defaultConfigurationName = Release;
		};
		96C53EC525EA2BB600385EE9 /* Build configuration list for PBXNativeTarget "HomeWorkAppTests" */ = {
			isa = XCConfigurationList;
			buildConfigurations = (
				96C53EC625EA2BB600385EE9 /* Debug */,
				96C53EC725EA2BB600385EE9 /* Release */,
			);
			defaultConfigurationIsVisible = 0;
			defaultConfigurationName = Release;
		};
		96C53EC825EA2BB600385EE9 /* Build configuration list for PBXNativeTarget "HomeWorkAppUITests" */ = {
			isa = XCConfigurationList;
			buildConfigurations = (
				96C53EC925EA2BB600385EE9 /* Debug */,
				96C53ECA25EA2BB600385EE9 /* Release */,
			);
			defaultConfigurationIsVisible = 0;
			defaultConfigurationName = Release;
		};
/* End XCConfigurationList section */
	};
	rootObject = 96C53E9025EA2BB500385EE9 /* Project object */;
}
